# This file is automatically @generated by Cargo.
# It is not intended for manual editing.
version = 4

[[package]]
name = "control-server"
version = "0.1.0"

[[package]]
name = "desktop-core"
version = "0.1.0"

[[package]]
name = "domain"
version = "0.1.0"

[[package]]
name = "executors"
version = "0.1.0"

[[package]]
name = "observability"
version = "0.1.0"

[[package]]
name = "orchestrator"
version = "0.1.0"

[[package]]
name = "persistence"
version = "0.1.0"

[[package]]
name = "runtime"
version = "0.1.0"

[[package]]
name = "security"
version = "0.1.0"
